
Microsoft Visual Studio Solution File, Format Version 12.00
# Visual Studio Version 17
VisualStudioVersion = 17.4.33122.133
MinimumVisualStudioVersion = 10.0.40219.1
Project("{9A19103F-16F7-4668-BE54-9A1E7A4F7556}") = "EOS.CNAB.API", "EOS.CNAB.API\EOS.CNAB.API.csproj", "{02DD410C-F3B4-4E80-9850-6B071EED5257}"
EndProject
Project("{2150E333-8FDC-42A3-9474-1A3956D46DE8}") = "API", "API", "{3485933B-12F8-4994-B7DD-FB0B1D51A38F}"
EndProject
Project("{2150E333-8FDC-42A3-9474-1A3956D46DE8}") = "Application", "Application", "{E9A4BC58-AD0D-4B69-A5AA-F488E7B34654}"
EndProject
Project("{9A19103F-16F7-4668-BE54-9A1E7A4F7556}") = "EOS.CNAB.Application", "EOS.CNAB.Application\EOS.CNAB.Application.csproj", "{72449294-B60F-42ED-8C7B-DB0CD8BE2E97}"
EndProject
Project("{2150E333-8FDC-42A3-9474-1A3956D46DE8}") = "Domain", "Domain", "{D9FFA089-709F-4363-A86D-1EF94C9EBA1C}"
EndProject
Project("{9A19103F-16F7-4668-BE54-9A1E7A4F7556}") = "EOS.CNAB.Domain", "EOS.CNAB.Domain\EOS.CNAB.Domain.csproj", "{C22AA9E9-9A25-4AAD-B78C-FEA310239BDA}"
EndProject
Project("{2150E333-8FDC-42A3-9474-1A3956D46DE8}") = "InfraStructure", "InfraStructure", "{DE9B0EA2-1235-464C-82C1-3DFBED72A517}"
EndProject
Project("{9A19103F-16F7-4668-BE54-9A1E7A4F7556}") = "EOS.CNAB.InfraStructure", "EOS.CNAB.InfraStructure\EOS.CNAB.InfraStructure.csproj", "{8E8BEF14-8FF6-4BE2-969B-65C4C21BACB0}"
EndProject
Project("{9A19103F-16F7-4668-BE54-9A1E7A4F7556}") = "EOS.CNAB.Infra.Security", "EOS.CNAB.Infra.Security\EOS.CNAB.Infra.Security.csproj", "{45BA804A-5BB5-4820-9B3C-3D7636E044BC}"
EndProject
Project("{2150E333-8FDC-42A3-9474-1A3956D46DE8}") = "Tests", "Tests", "{9ECAD34F-F5F0-4526-8F98-C16D4C8B9303}"
EndProject
Project("{2150E333-8FDC-42A3-9474-1A3956D46DE8}") = "Unit Tests", "Unit Tests", "{FE172B88-14E1-488B-84F2-F7DC5ADB9823}"
EndProject
Project("{FAE04EC0-301F-11D3-BF4B-00C04F79EFBC}") = "EOS.CNAB.UnitTest", "EOS.CNAB.UnitTest\EOS.CNAB.UnitTest.csproj", "{8EE0489D-9A77-4FD5-A949-133D074630B6}"
EndProject
Global
	GlobalSection(SolutionConfigurationPlatforms) = preSolution
		Debug|Any CPU = Debug|Any CPU
		Release|Any CPU = Release|Any CPU
	EndGlobalSection
	GlobalSection(ProjectConfigurationPlatforms) = postSolution
		{02DD410C-F3B4-4E80-9850-6B071EED5257}.Debug|Any CPU.ActiveCfg = Debug|Any CPU
		{02DD410C-F3B4-4E80-9850-6B071EED5257}.Debug|Any CPU.Build.0 = Debug|Any CPU
		{02DD410C-F3B4-4E80-9850-6B071EED5257}.Release|Any CPU.ActiveCfg = Release|Any CPU
		{02DD410C-F3B4-4E80-9850-6B071EED5257}.Release|Any CPU.Build.0 = Release|Any CPU
		{72449294-B60F-42ED-8C7B-DB0CD8BE2E97}.Debug|Any CPU.ActiveCfg = Debug|Any CPU
		{72449294-B60F-42ED-8C7B-DB0CD8BE2E97}.Debug|Any CPU.Build.0 = Debug|Any CPU
		{72449294-B60F-42ED-8C7B-DB0CD8BE2E97}.Release|Any CPU.ActiveCfg = Release|Any CPU
		{72449294-B60F-42ED-8C7B-DB0CD8BE2E97}.Release|Any CPU.Build.0 = Release|Any CPU
		{C22AA9E9-9A25-4AAD-B78C-FEA310239BDA}.Debug|Any CPU.ActiveCfg = Debug|Any CPU
		{C22AA9E9-9A25-4AAD-B78C-FEA310239BDA}.Debug|Any CPU.Build.0 = Debug|Any CPU
		{C22AA9E9-9A25-4AAD-B78C-FEA310239BDA}.Release|Any CPU.ActiveCfg = Release|Any CPU
		{C22AA9E9-9A25-4AAD-B78C-FEA310239BDA}.Release|Any CPU.Build.0 = Release|Any CPU
		{8E8BEF14-8FF6-4BE2-969B-65C4C21BACB0}.Debug|Any CPU.ActiveCfg = Debug|Any CPU
		{8E8BEF14-8FF6-4BE2-969B-65C4C21BACB0}.Debug|Any CPU.Build.0 = Debug|Any CPU
		{8E8BEF14-8FF6-4BE2-969B-65C4C21BACB0}.Release|Any CPU.ActiveCfg = Release|Any CPU
		{8E8BEF14-8FF6-4BE2-969B-65C4C21BACB0}.Release|Any CPU.Build.0 = Release|Any CPU
		{45BA804A-5BB5-4820-9B3C-3D7636E044BC}.Debug|Any CPU.ActiveCfg = Debug|Any CPU
		{45BA804A-5BB5-4820-9B3C-3D7636E044BC}.Debug|Any CPU.Build.0 = Debug|Any CPU
		{45BA804A-5BB5-4820-9B3C-3D7636E044BC}.Release|Any CPU.ActiveCfg = Release|Any CPU
		{45BA804A-5BB5-4820-9B3C-3D7636E044BC}.Release|Any CPU.Build.0 = Release|Any CPU
		{8EE0489D-9A77-4FD5-A949-133D074630B6}.Debug|Any CPU.ActiveCfg = Debug|Any CPU
		{8EE0489D-9A77-4FD5-A949-133D074630B6}.Debug|Any CPU.Build.0 = Debug|Any CPU
		{8EE0489D-9A77-4FD5-A949-133D074630B6}.Release|Any CPU.ActiveCfg = Release|Any CPU
		{8EE0489D-9A77-4FD5-A949-133D074630B6}.Release|Any CPU.Build.0 = Release|Any CPU
	EndGlobalSection
	GlobalSection(SolutionProperties) = preSolution
		HideSolutionNode = FALSE
	EndGlobalSection
	GlobalSection(NestedProjects) = preSolution
		{02DD410C-F3B4-4E80-9850-6B071EED5257} = {3485933B-12F8-4994-B7DD-FB0B1D51A38F}
		{72449294-B60F-42ED-8C7B-DB0CD8BE2E97} = {E9A4BC58-AD0D-4B69-A5AA-F488E7B34654}
		{C22AA9E9-9A25-4AAD-B78C-FEA310239BDA} = {D9FFA089-709F-4363-A86D-1EF94C9EBA1C}
		{8E8BEF14-8FF6-4BE2-969B-65C4C21BACB0} = {DE9B0EA2-1235-464C-82C1-3DFBED72A517}
		{45BA804A-5BB5-4820-9B3C-3D7636E044BC} = {DE9B0EA2-1235-464C-82C1-3DFBED72A517}
		{FE172B88-14E1-488B-84F2-F7DC5ADB9823} = {9ECAD34F-F5F0-4526-8F98-C16D4C8B9303}
		{8EE0489D-9A77-4FD5-A949-133D074630B6} = {FE172B88-14E1-488B-84F2-F7DC5ADB9823}
	EndGlobalSection
	GlobalSection(ExtensibilityGlobals) = postSolution
		SolutionGuid = {597DFDFA-CA7A-484A-A9D7-5444BE0C7A48}
	EndGlobalSection
EndGlobal
